
Microsoft Visual Studio Solution File, Format Version 12.00
# Visual Studio Version 16
VisualStudioVersion = 16.0.32630.194
MinimumVisualStudioVersion = 10.0.40219.1
Project("{FAE04EC0-301F-11D3-BF4B-00C04F79EFBC}") = "Dll_Utilidades", "Dll_Utilidades\Dll_Utilidades.csproj", "{9AFD857A-C298-4E6F-A966-A7163A176F43}"
EndProject
Global
	GlobalSection(SolutionConfigurationPlatforms) = preSolution
		Debug|Any CPU = Debug|Any CPU
		Release|Any CPU = Release|Any CPU
	EndGlobalSection
	GlobalSection(ProjectConfigurationPlatforms) = postSolution
		{9AFD857A-C298-4E6F-A966-A7163A176F43}.Debug|Any CPU.ActiveCfg = Debug|Any CPU
		{9AFD857A-C298-4E6F-A966-A7163A176F43}.Debug|Any CPU.Build.0 = Debug|Any CPU
		{9AFD857A-C298-4E6F-A966-A7163A176F43}.Release|Any CPU.ActiveCfg = Release|Any CPU
		{9AFD857A-C298-4E6F-A966-A7163A176F43}.Release|Any CPU.Build.0 = Release|Any CPU
	EndGlobalSection
	GlobalSection(SolutionProperties) = preSolution
		HideSolutionNode = FALSE
	EndGlobalSection
	GlobalSection(ExtensibilityGlobals) = postSolution
		SolutionGuid = {BBA59E6B-D50A-4172-8433-DC169C46659D}
	EndGlobalSection
EndGlobal
